
Microsoft Visual Studio Solution File, Format Version 12.00
# Visual Studio Version 17
VisualStudioVersion = 17.9.34902.65
MinimumVisualStudioVersion = 10.0.40219.1
Project("{888888A0-9F3D-457C-B088-3A5042F75D52}") = "laba2", "laba2\laba2.pyproj", "{D3F65E6A-B76B-4154-A9E5-70F840FAF232}"
EndProject
Global
	GlobalSection(SolutionConfigurationPlatforms) = preSolution
		Debug|Any CPU = Debug|Any CPU
		Release|Any CPU = Release|Any CPU
	EndGlobalSection
	GlobalSection(ProjectConfigurationPlatforms) = postSolution
		{D3F65E6A-B76B-4154-A9E5-70F840FAF232}.Debug|Any CPU.ActiveCfg = Debug|Any CPU
		{D3F65E6A-B76B-4154-A9E5-70F840FAF232}.Release|Any CPU.ActiveCfg = Release|Any CPU
	EndGlobalSection
	GlobalSection(SolutionProperties) = preSolution
		HideSolutionNode = FALSE
	EndGlobalSection
	GlobalSection(ExtensibilityGlobals) = postSolution
		SolutionGuid = {569C9374-F9DE-43E8-A422-21DCB5186C41}
	EndGlobalSection
EndGlobal
